
Microsoft Visual Studio Solution File, Format Version 12.00
# Visual Studio Version 17
VisualStudioVersion = 17.3.32825.248
MinimumVisualStudioVersion = 10.0.40219.1
Project("{9A19103F-16F7-4668-BE54-9A1E7A4F7556}") = "Lesson08_01", "Lesson08_01_1\Lesson08_01.csproj", "{DFC75740-BC03-46AA-A439-1F481E023200}"
EndProject
Project("{9A19103F-16F7-4668-BE54-9A1E7A4F7556}") = "Lesson08_02", "Lesson08_02\Lesson08_02.csproj", "{45862ED7-0372-4980-9A0D-B8FF9AC2EA9D}"
EndProject
Project("{9A19103F-16F7-4668-BE54-9A1E7A4F7556}") = "Lesson08_03", "Lesson08_03\Lesson08_03.csproj", "{D9E206D5-A598-4F17-B197-C79F84EF3977}"
EndProject
Project("{9A19103F-16F7-4668-BE54-9A1E7A4F7556}") = "Lesson08_04", "Lesson08_04\Lesson08_04.csproj", "{D49EC755-6B45-48DF-8F64-55A93F76F23D}"
EndProject
Global
	GlobalSection(SolutionConfigurationPlatforms) = preSolution
		Debug|Any CPU = Debug|Any CPU
		Release|Any CPU = Release|Any CPU
	EndGlobalSection
	GlobalSection(ProjectConfigurationPlatforms) = postSolution
		{DFC75740-BC03-46AA-A439-1F481E023200}.Debug|Any CPU.ActiveCfg = Debug|Any CPU
		{DFC75740-BC03-46AA-A439-1F481E023200}.Debug|Any CPU.Build.0 = Debug|Any CPU
		{DFC75740-BC03-46AA-A439-1F481E023200}.Release|Any CPU.ActiveCfg = Release|Any CPU
		{DFC75740-BC03-46AA-A439-1F481E023200}.Release|Any CPU.Build.0 = Release|Any CPU
		{45862ED7-0372-4980-9A0D-B8FF9AC2EA9D}.Debug|Any CPU.ActiveCfg = Debug|Any CPU
		{45862ED7-0372-4980-9A0D-B8FF9AC2EA9D}.Debug|Any CPU.Build.0 = Debug|Any CPU
		{45862ED7-0372-4980-9A0D-B8FF9AC2EA9D}.Release|Any CPU.ActiveCfg = Release|Any CPU
		{45862ED7-0372-4980-9A0D-B8FF9AC2EA9D}.Release|Any CPU.Build.0 = Release|Any CPU
		{D9E206D5-A598-4F17-B197-C79F84EF3977}.Debug|Any CPU.ActiveCfg = Debug|Any CPU
		{D9E206D5-A598-4F17-B197-C79F84EF3977}.Debug|Any CPU.Build.0 = Debug|Any CPU
		{D9E206D5-A598-4F17-B197-C79F84EF3977}.Release|Any CPU.ActiveCfg = Release|Any CPU
		{D9E206D5-A598-4F17-B197-C79F84EF3977}.Release|Any CPU.Build.0 = Release|Any CPU
		{D49EC755-6B45-48DF-8F64-55A93F76F23D}.Debug|Any CPU.ActiveCfg = Debug|Any CPU
		{D49EC755-6B45-48DF-8F64-55A93F76F23D}.Debug|Any CPU.Build.0 = Debug|Any CPU
		{D49EC755-6B45-48DF-8F64-55A93F76F23D}.Release|Any CPU.ActiveCfg = Release|Any CPU
		{D49EC755-6B45-48DF-8F64-55A93F76F23D}.Release|Any CPU.Build.0 = Release|Any CPU
	EndGlobalSection
	GlobalSection(SolutionProperties) = preSolution
		HideSolutionNode = FALSE
	EndGlobalSection
	GlobalSection(ExtensibilityGlobals) = postSolution
		SolutionGuid = {49F375EA-D14F-45A6-8BB3-9A776947EBA8}
	EndGlobalSection
EndGlobal
